
Microsoft Visual Studio Solution File, Format Version 12.00
# Visual Studio Version 17
VisualStudioVersion = 17.9.34607.119
MinimumVisualStudioVersion = 10.0.40219.1
Project("{FAE04EC0-301F-11D3-BF4B-00C04F79EFBC}") = "Distributeur_Auto_Boisson.Domain", "Distributeur_Auto_Boisson.Domain\Distributeur_Auto_Boisson.Domain.csproj", "{398DDF09-3ADE-4C11-AF63-24EDEF73B369}"
EndProject
Global
	GlobalSection(SolutionConfigurationPlatforms) = preSolution
		Debug|Any CPU = Debug|Any CPU
		Release|Any CPU = Release|Any CPU
	EndGlobalSection
	GlobalSection(ProjectConfigurationPlatforms) = postSolution
		{398DDF09-3ADE-4C11-AF63-24EDEF73B369}.Debug|Any CPU.ActiveCfg = Debug|Any CPU
		{398DDF09-3ADE-4C11-AF63-24EDEF73B369}.Debug|Any CPU.Build.0 = Debug|Any CPU
		{398DDF09-3ADE-4C11-AF63-24EDEF73B369}.Release|Any CPU.ActiveCfg = Release|Any CPU
		{398DDF09-3ADE-4C11-AF63-24EDEF73B369}.Release|Any CPU.Build.0 = Release|Any CPU
	EndGlobalSection
	GlobalSection(SolutionProperties) = preSolution
		HideSolutionNode = FALSE
	EndGlobalSection
	GlobalSection(ExtensibilityGlobals) = postSolution
		SolutionGuid = {9F90B54B-B740-4677-9862-F9EFBB2B69A0}
	EndGlobalSection
EndGlobal
