
Microsoft Visual Studio Solution File, Format Version 12.00
# Visual Studio Version 17
VisualStudioVersion = 17.9.34607.119
MinimumVisualStudioVersion = 10.0.40219.1
Project("{FAE04EC0-301F-11D3-BF4B-00C04F79EFBC}") = "DAB_Automatique.Web", "DAB_Automatique.Web\DAB_Automatique.Web.csproj", "{43C447A5-CA5A-4FA5-9FCA-5EF9360611E8}"
EndProject
Project("{FAE04EC0-301F-11D3-BF4B-00C04F79EFBC}") = "DAB_Automatique.Domaine", "DAB_Automatique.Domaine\DAB_Automatique.Domaine.csproj", "{607AF61E-CDE1-461B-8EE6-F06AAD8534C6}"
EndProject
Project("{FAE04EC0-301F-11D3-BF4B-00C04F79EFBC}") = "DAB_Automatique.Data", "Data\DAB_Automatique.Data.csproj", "{3634B1E4-3F65-4F76-B53C-8C4A5A770873}"
EndProject
Global
	GlobalSection(SolutionConfigurationPlatforms) = preSolution
		Debug|Any CPU = Debug|Any CPU
		Release|Any CPU = Release|Any CPU
	EndGlobalSection
	GlobalSection(ProjectConfigurationPlatforms) = postSolution
		{43C447A5-CA5A-4FA5-9FCA-5EF9360611E8}.Debug|Any CPU.ActiveCfg = Debug|Any CPU
		{43C447A5-CA5A-4FA5-9FCA-5EF9360611E8}.Debug|Any CPU.Build.0 = Debug|Any CPU
		{43C447A5-CA5A-4FA5-9FCA-5EF9360611E8}.Release|Any CPU.ActiveCfg = Release|Any CPU
		{43C447A5-CA5A-4FA5-9FCA-5EF9360611E8}.Release|Any CPU.Build.0 = Release|Any CPU
		{607AF61E-CDE1-461B-8EE6-F06AAD8534C6}.Debug|Any CPU.ActiveCfg = Debug|Any CPU
		{607AF61E-CDE1-461B-8EE6-F06AAD8534C6}.Debug|Any CPU.Build.0 = Debug|Any CPU
		{607AF61E-CDE1-461B-8EE6-F06AAD8534C6}.Release|Any CPU.ActiveCfg = Release|Any CPU
		{607AF61E-CDE1-461B-8EE6-F06AAD8534C6}.Release|Any CPU.Build.0 = Release|Any CPU
		{3634B1E4-3F65-4F76-B53C-8C4A5A770873}.Debug|Any CPU.ActiveCfg = Debug|Any CPU
		{3634B1E4-3F65-4F76-B53C-8C4A5A770873}.Debug|Any CPU.Build.0 = Debug|Any CPU
		{3634B1E4-3F65-4F76-B53C-8C4A5A770873}.Release|Any CPU.ActiveCfg = Release|Any CPU
		{3634B1E4-3F65-4F76-B53C-8C4A5A770873}.Release|Any CPU.Build.0 = Release|Any CPU
	EndGlobalSection
	GlobalSection(SolutionProperties) = preSolution
		HideSolutionNode = FALSE
	EndGlobalSection
	GlobalSection(ExtensibilityGlobals) = postSolution
		SolutionGuid = {E006CCAD-0163-472D-AECC-0DBE7D10F209}
	EndGlobalSection
EndGlobal
